// !$*UTF8*$!
{
	archiveVersion = 1;
	classes = {
	};
	objectVersion = 55;
	objects = {

/* Begin PBXBuildFile section */
		123C6144280E0885007B219B /* AppPalette.swift in Sources */ = {isa = PBXBuildFile; fileRef = 123C6143280E0885007B219B /* AppPalette.swift */; };
		123C6148280E37F1007B219B /* CategoryRow.swift in Sources */ = {isa = PBXBuildFile; fileRef = 123C6147280E37F0007B219B /* CategoryRow.swift */; };
		123C614B280E3B8D007B219B /* Budget.swift in Sources */ = {isa = PBXBuildFile; fileRef = 123C614A280E3B8D007B219B /* Budget.swift */; };
		123C614D280E4661007B219B /* GradientProgressView.swift in Sources */ = {isa = PBXBuildFile; fileRef = 123C614C280E4661007B219B /* GradientProgressView.swift */; };
		123C614F280E504E007B219B /* MockData.swift in Sources */ = {isa = PBXBuildFile; fileRef = 123C614E280E504E007B219B /* MockData.swift */; };
		123C6151280E5315007B219B /* BudgetsView.swift in Sources */ = {isa = PBXBuildFile; fileRef = 123C6150280E5315007B219B /* BudgetsView.swift */; };
		123C6153280E5DAD007B219B /* AddCategoryRow.swift in Sources */ = {isa = PBXBuildFile; fileRef = 123C6152280E5DAC007B219B /* AddCategoryRow.swift */; };
		129AE72A280DE72D005B6032 /* DoughRiseApp.swift in Sources */ = {isa = PBXBuildFile; fileRef = 129AE729280DE72D005B6032 /* DoughRiseApp.swift */; };
		129AE72C280DE72D005B6032 /* ContentView.swift in Sources */ = {isa = PBXBuildFile; fileRef = 129AE72B280DE72D005B6032 /* ContentView.swift */; };
		129AE72E280DE72F005B6032 /* Assets.xcassets in Resources */ = {isa = PBXBuildFile; fileRef = 129AE72D280DE72F005B6032 /* Assets.xcassets */; };
		129AE731280DE72F005B6032 /* Preview Assets.xcassets in Resources */ = {isa = PBXBuildFile; fileRef = 129AE730280DE72F005B6032 /* Preview Assets.xcassets */; };
		129AE73A280DF747005B6032 /* Montserrat-SemiBold.ttf in Resources */ = {isa = PBXBuildFile; fileRef = 129AE739280DF747005B6032 /* Montserrat-SemiBold.ttf */; };
		129AE73C280DF752005B6032 /* Montserrat-Medium.ttf in Resources */ = {isa = PBXBuildFile; fileRef = 129AE73B280DF752005B6032 /* Montserrat-Medium.ttf */; };
		129AE740280DF7A8005B6032 /* Avenir-Heavy.ttf in Resources */ = {isa = PBXBuildFile; fileRef = 129AE73F280DF7A8005B6032 /* Avenir-Heavy.ttf */; };
		129AE743280DFCB6005B6032 /* AppFontBook.swift in Sources */ = {isa = PBXBuildFile; fileRef = 129AE742280DFCB6005B6032 /* AppFontBook.swift */; };
		12AE0AF1280E0419001557E6 /* HomeView.swift in Sources */ = {isa = PBXBuildFile; fileRef = 12AE0AF0280E0419001557E6 /* HomeView.swift */; };
		12AE0AF3280E0424001557E6 /* HistoryView.swift in Sources */ = {isa = PBXBuildFile; fileRef = 12AE0AF2280E0424001557E6 /* HistoryView.swift */; };
		12AE0AF5280E0435001557E6 /* TransactionsView.swift in Sources */ = {isa = PBXBuildFile; fileRef = 12AE0AF4280E0435001557E6 /* TransactionsView.swift */; };
		12AE0AF7280E0443001557E6 /* GoalsView.swift in Sources */ = {isa = PBXBuildFile; fileRef = 12AE0AF6280E0443001557E6 /* GoalsView.swift */; };
		12AE0AF9280E044B001557E6 /* SettingsView.swift in Sources */ = {isa = PBXBuildFile; fileRef = 12AE0AF8280E044B001557E6 /* SettingsView.swift */; };
/* End PBXBuildFile section */

/* Begin PBXFileReference section */
		123C6143280E0885007B219B /* AppPalette.swift */ = {isa = PBXFileReference; lastKnownFileType = sourcecode.swift; path = AppPalette.swift; sourceTree = "<group>"; };
		123C6147280E37F0007B219B /* CategoryRow.swift */ = {isa = PBXFileReference; lastKnownFileType = sourcecode.swift; path = CategoryRow.swift; sourceTree = "<group>"; };
		123C614A280E3B8D007B219B /* Budget.swift */ = {isa = PBXFileReference; lastKnownFileType = sourcecode.swift; path = Budget.swift; sourceTree = "<group>"; };
		123C614C280E4661007B219B /* GradientProgressView.swift */ = {isa = PBXFileReference; lastKnownFileType = sourcecode.swift; path = GradientProgressView.swift; sourceTree = "<group>"; };
		123C614E280E504E007B219B /* MockData.swift */ = {isa = PBXFileReference; lastKnownFileType = sourcecode.swift; path = MockData.swift; sourceTree = "<group>"; };
		123C6150280E5315007B219B /* BudgetsView.swift */ = {isa = PBXFileReference; lastKnownFileType = sourcecode.swift; path = BudgetsView.swift; sourceTree = "<group>"; };
		123C6152280E5DAC007B219B /* AddCategoryRow.swift */ = {isa = PBXFileReference; lastKnownFileType = sourcecode.swift; path = AddCategoryRow.swift; sourceTree = "<group>"; };
		129AE726280DE72D005B6032 /* DoughRise.app */ = {isa = PBXFileReference; explicitFileType = wrapper.application; includeInIndex = 0; path = DoughRise.app; sourceTree = BUILT_PRODUCTS_DIR; };
		129AE729280DE72D005B6032 /* DoughRiseApp.swift */ = {isa = PBXFileReference; lastKnownFileType = sourcecode.swift; path = DoughRiseApp.swift; sourceTree = "<group>"; };
		129AE72B280DE72D005B6032 /* ContentView.swift */ = {isa = PBXFileReference; lastKnownFileType = sourcecode.swift; path = ContentView.swift; sourceTree = "<group>"; };
		129AE72D280DE72F005B6032 /* Assets.xcassets */ = {isa = PBXFileReference; lastKnownFileType = folder.assetcatalog; path = Assets.xcassets; sourceTree = "<group>"; };
		129AE730280DE72F005B6032 /* Preview Assets.xcassets */ = {isa = PBXFileReference; lastKnownFileType = folder.assetcatalog; path = "Preview Assets.xcassets"; sourceTree = "<group>"; };
		129AE737280DF72B005B6032 /* Info.plist */ = {isa = PBXFileReference; lastKnownFileType = text.plist; path = Info.plist; sourceTree = "<group>"; };
		129AE739280DF747005B6032 /* Montserrat-SemiBold.ttf */ = {isa = PBXFileReference; lastKnownFileType = file; path = "Montserrat-SemiBold.ttf"; sourceTree = "<group>"; };
		129AE73B280DF752005B6032 /* Montserrat-Medium.ttf */ = {isa = PBXFileReference; lastKnownFileType = file; path = "Montserrat-Medium.ttf"; sourceTree = "<group>"; };
		129AE73F280DF7A8005B6032 /* Avenir-Heavy.ttf */ = {isa = PBXFileReference; lastKnownFileType = file; path = "Avenir-Heavy.ttf"; sourceTree = "<group>"; };
		129AE742280DFCB6005B6032 /* AppFontBook.swift */ = {isa = PBXFileReference; lastKnownFileType = sourcecode.swift; path = AppFontBook.swift; sourceTree = "<group>"; };
		12AE0AF0280E0419001557E6 /* HomeView.swift */ = {isa = PBXFileReference; lastKnownFileType = sourcecode.swift; path = HomeView.swift; sourceTree = "<group>"; };
		12AE0AF2280E0424001557E6 /* HistoryView.swift */ = {isa = PBXFileReference; lastKnownFileType = sourcecode.swift; path = HistoryView.swift; sourceTree = "<group>"; };
		12AE0AF4280E0435001557E6 /* TransactionsView.swift */ = {isa = PBXFileReference; lastKnownFileType = sourcecode.swift; path = TransactionsView.swift; sourceTree = "<group>"; };
		12AE0AF6280E0443001557E6 /* GoalsView.swift */ = {isa = PBXFileReference; lastKnownFileType = sourcecode.swift; path = GoalsView.swift; sourceTree = "<group>"; };
		12AE0AF8280E044B001557E6 /* SettingsView.swift */ = {isa = PBXFileReference; lastKnownFileType = sourcecode.swift; path = SettingsView.swift; sourceTree = "<group>"; };
/* End PBXFileReference section */

/* Begin PBXFrameworksBuildPhase section */
		129AE723280DE72D005B6032 /* Frameworks */ = {
			isa = PBXFrameworksBuildPhase;
			buildActionMask = 2147483647;
			files = (
			);
			runOnlyForDeploymentPostprocessing = 0;
		};
/* End PBXFrameworksBuildPhase section */

/* Begin PBXGroup section */
		123C6145280E2803007B219B /* TabBar */ = {
			isa = PBXGroup;
			children = (
				12AE0AF0280E0419001557E6 /* HomeView.swift */,
				12AE0AF2280E0424001557E6 /* HistoryView.swift */,
				12AE0AF4280E0435001557E6 /* TransactionsView.swift */,
				12AE0AF6280E0443001557E6 /* GoalsView.swift */,
				12AE0AF8280E044B001557E6 /* SettingsView.swift */,
			);
			path = TabBar;
			sourceTree = "<group>";
		};
		123C6146280E281F007B219B /* View */ = {
			isa = PBXGroup;
			children = (
				123C6145280E2803007B219B /* TabBar */,
				123C6147280E37F0007B219B /* CategoryRow.swift */,
				123C6152280E5DAC007B219B /* AddCategoryRow.swift */,
				123C614C280E4661007B219B /* GradientProgressView.swift */,
				123C6150280E5315007B219B /* BudgetsView.swift */,
			);
			path = View;
			sourceTree = "<group>";
		};
		123C6149280E3B7C007B219B /* Model */ = {
			isa = PBXGroup;
			children = (
				123C614A280E3B8D007B219B /* Budget.swift */,
				123C614E280E504E007B219B /* MockData.swift */,
			);
			path = Model;
			sourceTree = "<group>";
		};
		129AE71D280DE72D005B6032 = {
			isa = PBXGroup;
			children = (
				129AE728280DE72D005B6032 /* DoughRise */,
				129AE727280DE72D005B6032 /* Products */,
			);
			sourceTree = "<group>";
		};
		129AE727280DE72D005B6032 /* Products */ = {
			isa = PBXGroup;
			children = (
				129AE726280DE72D005B6032 /* DoughRise.app */,
			);
			name = Products;
			sourceTree = "<group>";
		};
		129AE728280DE72D005B6032 /* DoughRise */ = {
			isa = PBXGroup;
			children = (
				129AE741280DFCA2005B6032 /* DesignSystem */,
				123C6149280E3B7C007B219B /* Model */,
				123C6146280E281F007B219B /* View */,
				129AE737280DF72B005B6032 /* Info.plist */,
				129AE729280DE72D005B6032 /* DoughRiseApp.swift */,
				129AE72B280DE72D005B6032 /* ContentView.swift */,
				129AE72D280DE72F005B6032 /* Assets.xcassets */,
				129AE72F280DE72F005B6032 /* Preview Content */,
			);
			path = DoughRise;
			sourceTree = "<group>";
		};
		129AE72F280DE72F005B6032 /* Preview Content */ = {
			isa = PBXGroup;
			children = (
				129AE738280DF737005B6032 /* Fonts */,
				129AE730280DE72F005B6032 /* Preview Assets.xcassets */,
			);
			path = "Preview Content";
			sourceTree = "<group>";
		};
		129AE738280DF737005B6032 /* Fonts */ = {
			isa = PBXGroup;
			children = (
				129AE73F280DF7A8005B6032 /* Avenir-Heavy.ttf */,
				129AE73B280DF752005B6032 /* Montserrat-Medium.ttf */,
				129AE739280DF747005B6032 /* Montserrat-SemiBold.ttf */,
			);
			path = Fonts;
			sourceTree = "<group>";
		};
		129AE741280DFCA2005B6032 /* DesignSystem */ = {
			isa = PBXGroup;
			children = (
				129AE742280DFCB6005B6032 /* AppFontBook.swift */,
				123C6143280E0885007B219B /* AppPalette.swift */,
			);
			path = DesignSystem;
			sourceTree = "<group>";
		};
/* End PBXGroup section */

/* Begin PBXNativeTarget section */
		129AE725280DE72D005B6032 /* DoughRise */ = {
			isa = PBXNativeTarget;
			buildConfigurationList = 129AE734280DE72F005B6032 /* Build configuration list for PBXNativeTarget "DoughRise" */;
			buildPhases = (
				129AE722280DE72D005B6032 /* Sources */,
				129AE723280DE72D005B6032 /* Frameworks */,
				129AE724280DE72D005B6032 /* Resources */,
			);
			buildRules = (
			);
			dependencies = (
			);
			name = DoughRise;
			productName = DoughRise;
			productReference = 129AE726280DE72D005B6032 /* DoughRise.app */;
			productType = "com.apple.product-type.application";
		};
/* End PBXNativeTarget section */

/* Begin PBXProject section */
		129AE71E280DE72D005B6032 /* Project object */ = {
			isa = PBXProject;
			attributes = {
				BuildIndependentTargetsInParallel = 1;
				LastSwiftUpdateCheck = 1330;
				LastUpgradeCheck = 1330;
				TargetAttributes = {
					129AE725280DE72D005B6032 = {
						CreatedOnToolsVersion = 13.3.1;
					};
				};
			};
			buildConfigurationList = 129AE721280DE72D005B6032 /* Build configuration list for PBXProject "DoughRise" */;
			compatibilityVersion = "Xcode 13.0";
			developmentRegion = en;
			hasScannedForEncodings = 0;
			knownRegions = (
				en,
				Base,
			);
			mainGroup = 129AE71D280DE72D005B6032;
			productRefGroup = 129AE727280DE72D005B6032 /* Products */;
			projectDirPath = "";
			projectRoot = "";
			targets = (
				129AE725280DE72D005B6032 /* DoughRise */,
			);
		};
/* End PBXProject section */

/* Begin PBXResourcesBuildPhase section */
		129AE724280DE72D005B6032 /* Resources */ = {
			isa = PBXResourcesBuildPhase;
			buildActionMask = 2147483647;
			files = (
				129AE73A280DF747005B6032 /* Montserrat-SemiBold.ttf in Resources */,
				129AE731280DE72F005B6032 /* Preview Assets.xcassets in Resources */,
				129AE73C280DF752005B6032 /* Montserrat-Medium.ttf in Resources */,
				129AE72E280DE72F005B6032 /* Assets.xcassets in Resources */,
				129AE740280DF7A8005B6032 /* Avenir-Heavy.ttf in Resources */,
			);
			runOnlyForDeploymentPostprocessing = 0;
		};
/* End PBXResourcesBuildPhase section */

/* Begin PBXSourcesBuildPhase section */
		129AE722280DE72D005B6032 /* Sources */ = {
			isa = PBXSourcesBuildPhase;
			buildActionMask = 2147483647;
			files = (
				129AE743280DFCB6005B6032 /* AppFontBook.swift in Sources */,
				12AE0AF9280E044B001557E6 /* SettingsView.swift in Sources */,
				123C6148280E37F1007B219B /* CategoryRow.swift in Sources */,
				123C6153280E5DAD007B219B /* AddCategoryRow.swift in Sources */,
				123C614F280E504E007B219B /* MockData.swift in Sources */,
				12AE0AF1280E0419001557E6 /* HomeView.swift in Sources */,
				12AE0AF3280E0424001557E6 /* HistoryView.swift in Sources */,
				123C6144280E0885007B219B /* AppPalette.swift in Sources */,
				123C6151280E5315007B219B /* BudgetsView.swift in Sources */,
				129AE72C280DE72D005B6032 /* ContentView.swift in Sources */,
				123C614D280E4661007B219B /* GradientProgressView.swift in Sources */,
				12AE0AF7280E0443001557E6 /* GoalsView.swift in Sources */,
				129AE72A280DE72D005B6032 /* DoughRiseApp.swift in Sources */,
				12AE0AF5280E0435001557E6 /* TransactionsView.swift in Sources */,
				123C614B280E3B8D007B219B /* Budget.swift in Sources */,
			);
			runOnlyForDeploymentPostprocessing = 0;
		};
/* End PBXSourcesBuildPhase section */

/* Begin XCBuildConfiguration section */
		129AE732280DE72F005B6032 /* Debug */ = {
			isa = XCBuildConfiguration;
			buildSettings = {
				ALWAYS_SEARCH_USER_PATHS = NO;
				CLANG_ANALYZER_NONNULL = YES;
				CLANG_ANALYZER_NUMBER_OBJECT_CONVERSION = YES_AGGRESSIVE;
				CLANG_CXX_LANGUAGE_STANDARD = "gnu++17";
				CLANG_ENABLE_MODULES = YES;
				CLANG_ENABLE_OBJC_ARC = YES;
				CLANG_ENABLE_OBJC_WEAK = YES;
				CLANG_WARN_BLOCK_CAPTURE_AUTORELEASING = YES;
				CLANG_WARN_BOOL_CONVERSION = YES;
				CLANG_WARN_COMMA = YES;
				CLANG_WARN_CONSTANT_CONVERSION = YES;
				CLANG_WARN_DEPRECATED_OBJC_IMPLEMENTATIONS = YES;
				CLANG_WARN_DIRECT_OBJC_ISA_USAGE = YES_ERROR;
				CLANG_WARN_DOCUMENTATION_COMMENTS = YES;
				CLANG_WARN_EMPTY_BODY = YES;
				CLANG_WARN_ENUM_CONVERSION = YES;
				CLANG_WARN_INFINITE_RECURSION = YES;
				CLANG_WARN_INT_CONVERSION = YES;
				CLANG_WARN_NON_LITERAL_NULL_CONVERSION = YES;
				CLANG_WARN_OBJC_IMPLICIT_RETAIN_SELF = YES;
				CLANG_WARN_OBJC_LITERAL_CONVERSION = YES;
				CLANG_WARN_OBJC_ROOT_CLASS = YES_ERROR;
				CLANG_WARN_QUOTED_INCLUDE_IN_FRAMEWORK_HEADER = YES;
				CLANG_WARN_RANGE_LOOP_ANALYSIS = YES;
				CLANG_WARN_STRICT_PROTOTYPES = YES;
				CLANG_WARN_SUSPICIOUS_MOVE = YES;
				CLANG_WARN_UNGUARDED_AVAILABILITY = YES_AGGRESSIVE;
				CLANG_WARN_UNREACHABLE_CODE = YES;
				CLANG_WARN__DUPLICATE_METHOD_MATCH = YES;
				COPY_PHASE_STRIP = NO;
				DEBUG_INFORMATION_FORMAT = dwarf;
				ENABLE_STRICT_OBJC_MSGSEND = YES;
				ENABLE_TESTABILITY = YES;
				GCC_C_LANGUAGE_STANDARD = gnu11;
				GCC_DYNAMIC_NO_PIC = NO;
				GCC_NO_COMMON_BLOCKS = YES;
				GCC_OPTIMIZATION_LEVEL = 0;
				GCC_PREPROCESSOR_DEFINITIONS = (
					"DEBUG=1",
					"$(inherited)",
				);
				GCC_WARN_64_TO_32_BIT_CONVERSION = YES;
				GCC_WARN_ABOUT_RETURN_TYPE = YES_ERROR;
				GCC_WARN_UNDECLARED_SELECTOR = YES;
				GCC_WARN_UNINITIALIZED_AUTOS = YES_AGGRESSIVE;
				GCC_WARN_UNUSED_FUNCTION = YES;
				GCC_WARN_UNUSED_VARIABLE = YES;
				IPHONEOS_DEPLOYMENT_TARGET = 15.4;
				MTL_ENABLE_DEBUG_INFO = INCLUDE_SOURCE;
				MTL_FAST_MATH = YES;
				ONLY_ACTIVE_ARCH = YES;
				SDKROOT = iphoneos;
				SWIFT_ACTIVE_COMPILATION_CONDITIONS = DEBUG;
				SWIFT_OPTIMIZATION_LEVEL = "-Onone";
			};
			name = Debug;
		};
		129AE733280DE72F005B6032 /* Release */ = {
			isa = XCBuildConfiguration;
			buildSettings = {
				ALWAYS_SEARCH_USER_PATHS = NO;
				CLANG_ANALYZER_NONNULL = YES;
				CLANG_ANALYZER_NUMBER_OBJECT_CONVERSION = YES_AGGRESSIVE;
				CLANG_CXX_LANGUAGE_STANDARD = "gnu++17";
				CLANG_ENABLE_MODULES = YES;
				CLANG_ENABLE_OBJC_ARC = YES;
				CLANG_ENABLE_OBJC_WEAK = YES;
				CLANG_WARN_BLOCK_CAPTURE_AUTORELEASING = YES;
				CLANG_WARN_BOOL_CONVERSION = YES;
				CLANG_WARN_COMMA = YES;
				CLANG_WARN_CONSTANT_CONVERSION = YES;
				CLANG_WARN_DEPRECATED_OBJC_IMPLEMENTATIONS = YES;
				CLANG_WARN_DIRECT_OBJC_ISA_USAGE = YES_ERROR;
				CLANG_WARN_DOCUMENTATION_COMMENTS = YES;
				CLANG_WARN_EMPTY_BODY = YES;
				CLANG_WARN_ENUM_CONVERSION = YES;
				CLANG_WARN_INFINITE_RECURSION = YES;
				CLANG_WARN_INT_CONVERSION = YES;
				CLANG_WARN_NON_LITERAL_NULL_CONVERSION = YES;
				CLANG_WARN_OBJC_IMPLICIT_RETAIN_SELF = YES;
				CLANG_WARN_OBJC_LITERAL_CONVERSION = YES;
				CLANG_WARN_OBJC_ROOT_CLASS = YES_ERROR;
				CLANG_WARN_QUOTED_INCLUDE_IN_FRAMEWORK_HEADER = YES;
				CLANG_WARN_RANGE_LOOP_ANALYSIS = YES;
				CLANG_WARN_STRICT_PROTOTYPES = YES;
				CLANG_WARN_SUSPICIOUS_MOVE = YES;
				CLANG_WARN_UNGUARDED_AVAILABILITY = YES_AGGRESSIVE;
				CLANG_WARN_UNREACHABLE_CODE = YES;
				CLANG_WARN__DUPLICATE_METHOD_MATCH = YES;
				COPY_PHASE_STRIP = NO;
				DEBUG_INFORMATION_FORMAT = "dwarf-with-dsym";
				ENABLE_NS_ASSERTIONS = NO;
				ENABLE_STRICT_OBJC_MSGSEND = YES;
				GCC_C_LANGUAGE_STANDARD = gnu11;
				GCC_NO_COMMON_BLOCKS = YES;
				GCC_WARN_64_TO_32_BIT_CONVERSION = YES;
				GCC_WARN_ABOUT_RETURN_TYPE = YES_ERROR;
				GCC_WARN_UNDECLARED_SELECTOR = YES;
				GCC_WARN_UNINITIALIZED_AUTOS = YES_AGGRESSIVE;
				GCC_WARN_UNUSED_FUNCTION = YES;
				GCC_WARN_UNUSED_VARIABLE = YES;
				IPHONEOS_DEPLOYMENT_TARGET = 15.4;
				MTL_ENABLE_DEBUG_INFO = NO;
				MTL_FAST_MATH = YES;
				SDKROOT = iphoneos;
				SWIFT_COMPILATION_MODE = wholemodule;
				SWIFT_OPTIMIZATION_LEVEL = "-O";
				VALIDATE_PRODUCT = YES;
			};
			name = Release;
		};
		129AE735280DE72F005B6032 /* Debug */ = {
			isa = XCBuildConfiguration;
			buildSettings = {
				ASSETCATALOG_COMPILER_APPICON_NAME = AppIcon;
				ASSETCATALOG_COMPILER_GLOBAL_ACCENT_COLOR_NAME = AccentColor;
				CODE_SIGN_STYLE = Automatic;
				CURRENT_PROJECT_VERSION = 1;
				DEVELOPMENT_ASSET_PATHS = "\"DoughRise/Preview Content\"";
				ENABLE_PREVIEWS = YES;
				GENERATE_INFOPLIST_FILE = YES;
				INFOPLIST_FILE = DoughRise/Info.plist;
				INFOPLIST_KEY_UIApplicationSceneManifest_Generation = YES;
				INFOPLIST_KEY_UIApplicationSupportsIndirectInputEvents = YES;
				INFOPLIST_KEY_UILaunchScreen_Generation = YES;
				INFOPLIST_KEY_UISupportedInterfaceOrientations_iPad = "UIInterfaceOrientationPortrait UIInterfaceOrientationPortraitUpsideDown UIInterfaceOrientationLandscapeLeft UIInterfaceOrientationLandscapeRight";
				INFOPLIST_KEY_UISupportedInterfaceOrientations_iPhone = "UIInterfaceOrientationPortrait UIInterfaceOrientationLandscapeLeft UIInterfaceOrientationLandscapeRight";
				LD_RUNPATH_SEARCH_PATHS = (
					"$(inherited)",
					"@executable_path/Frameworks",
				);
				MARKETING_VERSION = 1.0;
				PRODUCT_BUNDLE_IDENTIFIER = vlad.DoughRise;
				PRODUCT_NAME = "$(TARGET_NAME)";
				SWIFT_EMIT_LOC_STRINGS = YES;
				SWIFT_VERSION = 5.0;
				TARGETED_DEVICE_FAMILY = "1,2";
			};
			name = Debug;
		};
		129AE736280DE72F005B6032 /* Release */ = {
			isa = XCBuildConfiguration;
			buildSettings = {
				ASSETCATALOG_COMPILER_APPICON_NAME = AppIcon;
				ASSETCATALOG_COMPILER_GLOBAL_ACCENT_COLOR_NAME = AccentColor;
				CODE_SIGN_STYLE = Automatic;
				CURRENT_PROJECT_VERSION = 1;
				DEVELOPMENT_ASSET_PATHS = "\"DoughRise/Preview Content\"";
				ENABLE_PREVIEWS = YES;
				GENERATE_INFOPLIST_FILE = YES;
				INFOPLIST_FILE = DoughRise/Info.plist;
				INFOPLIST_KEY_UIApplicationSceneManifest_Generation = YES;
				INFOPLIST_KEY_UIApplicationSupportsIndirectInputEvents = YES;
				INFOPLIST_KEY_UILaunchScreen_Generation = YES;
				INFOPLIST_KEY_UISupportedInterfaceOrientations_iPad = "UIInterfaceOrientationPortrait UIInterfaceOrientationPortraitUpsideDown UIInterfaceOrientationLandscapeLeft UIInterfaceOrientationLandscapeRight";
				INFOPLIST_KEY_UISupportedInterfaceOrientations_iPhone = "UIInterfaceOrientationPortrait UIInterfaceOrientationLandscapeLeft UIInterfaceOrientationLandscapeRight";
				LD_RUNPATH_SEARCH_PATHS = (
					"$(inherited)",
					"@executable_path/Frameworks",
				);
				MARKETING_VERSION = 1.0;
				PRODUCT_BUNDLE_IDENTIFIER = vlad.DoughRise;
				PRODUCT_NAME = "$(TARGET_NAME)";
				SWIFT_EMIT_LOC_STRINGS = YES;
				SWIFT_VERSION = 5.0;
				TARGETED_DEVICE_FAMILY = "1,2";
			};
			name = Release;
		};
/* End XCBuildConfiguration section */

/* Begin XCConfigurationList section */
		129AE721280DE72D005B6032 /* Build configuration list for PBXProject "DoughRise" */ = {
			isa = XCConfigurationList;
			buildConfigurations = (
				129AE732280DE72F005B6032 /* Debug */,
				129AE733280DE72F005B6032 /* Release */,
			);
			defaultConfigurationIsVisible = 0;
			defaultConfigurationName = Release;
		};
		129AE734280DE72F005B6032 /* Build configuration list for PBXNativeTarget "DoughRise" */ = {
			isa = XCConfigurationList;
			buildConfigurations = (
				129AE735280DE72F005B6032 /* Debug */,
				129AE736280DE72F005B6032 /* Release */,
			);
			defaultConfigurationIsVisible = 0;
			defaultConfigurationName = Release;
		};
/* End XCConfigurationList section */
	};
	rootObject = 129AE71E280DE72D005B6032 /* Project object */;
}
